
Microsoft Visual Studio Solution File, Format Version 12.00
# Visual Studio Version 16
VisualStudioVersion = 16.0.29509.3
MinimumVisualStudioVersion = 10.0.40219.1
Project("{FAE04EC0-301F-11D3-BF4B-00C04F79EFBC}") = "API_Core_3.0", "API_Core_3.0.csproj", "{5CAD28E3-D332-4060-B4F5-7975E59781A1}"
EndProject
Global
	GlobalSection(SolutionConfigurationPlatforms) = preSolution
		Debug|Any CPU = Debug|Any CPU
		Release|Any CPU = Release|Any CPU
	EndGlobalSection
	GlobalSection(ProjectConfigurationPlatforms) = postSolution
		{5CAD28E3-D332-4060-B4F5-7975E59781A1}.Debug|Any CPU.ActiveCfg = Debug|Any CPU
		{5CAD28E3-D332-4060-B4F5-7975E59781A1}.Debug|Any CPU.Build.0 = Debug|Any CPU
		{5CAD28E3-D332-4060-B4F5-7975E59781A1}.Release|Any CPU.ActiveCfg = Release|Any CPU
		{5CAD28E3-D332-4060-B4F5-7975E59781A1}.Release|Any CPU.Build.0 = Release|Any CPU
	EndGlobalSection
	GlobalSection(SolutionProperties) = preSolution
		HideSolutionNode = FALSE
	EndGlobalSection
	GlobalSection(ExtensibilityGlobals) = postSolution
		SolutionGuid = {FF260FB4-CCE8-4588-9F15-24D836B38852}
	EndGlobalSection
EndGlobal
